// !$*UTF8*$!
{
	archiveVersion = 1;
	classes = {
	};
	objectVersion = 56;
	objects = {

/* Begin PBXBuildFile section */
		B05195EF2C6E56B80070920B /* PartnersApp.swift in Sources */ = {isa = PBXBuildFile; fileRef = B05195EE2C6E56B80070920B /* PartnersApp.swift */; };
		B05195F12C6E56B80070920B /* ContentView.swift in Sources */ = {isa = PBXBuildFile; fileRef = B05195F02C6E56B80070920B /* ContentView.swift */; };
		B05195F32C6E56B80070920B /* Item.swift in Sources */ = {isa = PBXBuildFile; fileRef = B05195F22C6E56B80070920B /* Item.swift */; };
		B05195F52C6E56B90070920B /* Assets.xcassets in Resources */ = {isa = PBXBuildFile; fileRef = B05195F42C6E56B90070920B /* Assets.xcassets */; };
		B05195F92C6E56B90070920B /* Preview Assets.xcassets in Resources */ = {isa = PBXBuildFile; fileRef = B05195F82C6E56B90070920B /* Preview Assets.xcassets */; };
		B05196002C6E57D00070920B /* Color.swift in Sources */ = {isa = PBXBuildFile; fileRef = B05195FF2C6E57D00070920B /* Color.swift */; };
		B05196062C6E57DA0070920B /* ClockView.swift in Sources */ = {isa = PBXBuildFile; fileRef = B05196012C6E57DA0070920B /* ClockView.swift */; };
		B05196072C6E57DA0070920B /* HomeView.swift in Sources */ = {isa = PBXBuildFile; fileRef = B05196022C6E57DA0070920B /* HomeView.swift */; };
		B05196082C6E57DA0070920B /* JournalView.swift in Sources */ = {isa = PBXBuildFile; fileRef = B05196032C6E57DA0070920B /* JournalView.swift */; };
		B05196092C6E57DA0070920B /* LocationView.swift in Sources */ = {isa = PBXBuildFile; fileRef = B05196042C6E57DA0070920B /* LocationView.swift */; };
		B051960E2C6E5BEB0070920B /* Post.swift in Sources */ = {isa = PBXBuildFile; fileRef = B051960D2C6E5BEB0070920B /* Post.swift */; };
		B05196102C6E5C010070920B /* User.swift in Sources */ = {isa = PBXBuildFile; fileRef = B051960F2C6E5C010070920B /* User.swift */; };
		B05196122C6E5C520070920B /* PostView.swift in Sources */ = {isa = PBXBuildFile; fileRef = B05196112C6E5C520070920B /* PostView.swift */; };
		B05196152C6E5CA60070920B /* MockData.swift in Sources */ = {isa = PBXBuildFile; fileRef = B05196142C6E5CA60070920B /* MockData.swift */; };
		B051961D2C6E7BA70070920B /* MapView.swift in Sources */ = {isa = PBXBuildFile; fileRef = B051961C2C6E7BA70070920B /* MapView.swift */; };
		B051961F2C6E8A950070920B /* Group.swift in Sources */ = {isa = PBXBuildFile; fileRef = B051961E2C6E8A950070920B /* Group.swift */; };
		B05196212C6F911E0070920B /* GoogleService-Info.plist in Resources */ = {isa = PBXBuildFile; fileRef = B05196202C6F911E0070920B /* GoogleService-Info.plist */; };
		B05196242C6F91C90070920B /* FirebaseAnalytics in Frameworks */ = {isa = PBXBuildFile; productRef = B05196232C6F91C90070920B /* FirebaseAnalytics */; };
		B05196262C6F91C90070920B /* FirebaseAnalyticsOnDeviceConversion in Frameworks */ = {isa = PBXBuildFile; productRef = B05196252C6F91C90070920B /* FirebaseAnalyticsOnDeviceConversion */; };
		B05196282C6F91C90070920B /* FirebaseAnalyticsWithoutAdIdSupport in Frameworks */ = {isa = PBXBuildFile; productRef = B05196272C6F91C90070920B /* FirebaseAnalyticsWithoutAdIdSupport */; };
		B051962A2C6F91C90070920B /* FirebaseAppCheck in Frameworks */ = {isa = PBXBuildFile; productRef = B05196292C6F91C90070920B /* FirebaseAppCheck */; };
		B051962C2C6F91C90070920B /* FirebaseAppDistribution-Beta in Frameworks */ = {isa = PBXBuildFile; productRef = B051962B2C6F91C90070920B /* FirebaseAppDistribution-Beta */; };
		B051962E2C6F91C90070920B /* FirebaseAuth in Frameworks */ = {isa = PBXBuildFile; productRef = B051962D2C6F91C90070920B /* FirebaseAuth */; };
		B05196302C6F91C90070920B /* FirebaseAuthCombine-Community in Frameworks */ = {isa = PBXBuildFile; productRef = B051962F2C6F91C90070920B /* FirebaseAuthCombine-Community */; };
		B05196322C6F91C90070920B /* FirebaseCrashlytics in Frameworks */ = {isa = PBXBuildFile; productRef = B05196312C6F91C90070920B /* FirebaseCrashlytics */; };
		B05196342C6F91C90070920B /* FirebaseDatabase in Frameworks */ = {isa = PBXBuildFile; productRef = B05196332C6F91C90070920B /* FirebaseDatabase */; };
		B05196362C6F91C90070920B /* FirebaseDynamicLinks in Frameworks */ = {isa = PBXBuildFile; productRef = B05196352C6F91C90070920B /* FirebaseDynamicLinks */; };
		B05196382C6F91C90070920B /* FirebaseFirestore in Frameworks */ = {isa = PBXBuildFile; productRef = B05196372C6F91C90070920B /* FirebaseFirestore */; };
		B051963A2C6F91C90070920B /* FirebaseFirestoreCombine-Community in Frameworks */ = {isa = PBXBuildFile; productRef = B05196392C6F91C90070920B /* FirebaseFirestoreCombine-Community */; };
		B051963C2C6F91C90070920B /* FirebaseFunctions in Frameworks */ = {isa = PBXBuildFile; productRef = B051963B2C6F91C90070920B /* FirebaseFunctions */; };
		B051963E2C6F91C90070920B /* FirebaseFunctionsCombine-Community in Frameworks */ = {isa = PBXBuildFile; productRef = B051963D2C6F91C90070920B /* FirebaseFunctionsCombine-Community */; };
		B05196402C6F91C90070920B /* FirebaseInAppMessaging-Beta in Frameworks */ = {isa = PBXBuildFile; productRef = B051963F2C6F91C90070920B /* FirebaseInAppMessaging-Beta */; };
		B05196422C6F91C90070920B /* FirebaseInstallations in Frameworks */ = {isa = PBXBuildFile; productRef = B05196412C6F91C90070920B /* FirebaseInstallations */; };
		B05196442C6F91C90070920B /* FirebaseMLModelDownloader in Frameworks */ = {isa = PBXBuildFile; productRef = B05196432C6F91C90070920B /* FirebaseMLModelDownloader */; };
		B05196462C6F91C90070920B /* FirebaseMessaging in Frameworks */ = {isa = PBXBuildFile; productRef = B05196452C6F91C90070920B /* FirebaseMessaging */; };
		B05196482C6F91C90070920B /* FirebasePerformance in Frameworks */ = {isa = PBXBuildFile; productRef = B05196472C6F91C90070920B /* FirebasePerformance */; };
		B051964A2C6F91C90070920B /* FirebaseRemoteConfig in Frameworks */ = {isa = PBXBuildFile; productRef = B05196492C6F91C90070920B /* FirebaseRemoteConfig */; };
		B051964C2C6F91C90070920B /* FirebaseStorage in Frameworks */ = {isa = PBXBuildFile; productRef = B051964B2C6F91C90070920B /* FirebaseStorage */; };
		B051964E2C6F91C90070920B /* FirebaseStorageCombine-Community in Frameworks */ = {isa = PBXBuildFile; productRef = B051964D2C6F91C90070920B /* FirebaseStorageCombine-Community */; };
		B05196502C6F91C90070920B /* FirebaseVertexAI-Preview in Frameworks */ = {isa = PBXBuildFile; productRef = B051964F2C6F91C90070920B /* FirebaseVertexAI-Preview */; };
		B05196532C6F94ED0070920B /* AuthViewModel.swift in Sources */ = {isa = PBXBuildFile; fileRef = B05196522C6F94ED0070920B /* AuthViewModel.swift */; };
		B05196552C6F95CD0070920B /* CreateView.swift in Sources */ = {isa = PBXBuildFile; fileRef = B05196542C6F95CD0070920B /* CreateView.swift */; };
		B05196592C6FCB960070920B /* Tip.swift in Sources */ = {isa = PBXBuildFile; fileRef = B05196582C6FCB960070920B /* Tip.swift */; };
/* End PBXBuildFile section */

/* Begin PBXFileReference section */
		B05195EB2C6E56B80070920B /* Partners.app */ = {isa = PBXFileReference; explicitFileType = wrapper.application; includeInIndex = 0; path = Partners.app; sourceTree = BUILT_PRODUCTS_DIR; };
		B05195EE2C6E56B80070920B /* PartnersApp.swift */ = {isa = PBXFileReference; lastKnownFileType = sourcecode.swift; path = PartnersApp.swift; sourceTree = "<group>"; };
		B05195F02C6E56B80070920B /* ContentView.swift */ = {isa = PBXFileReference; lastKnownFileType = sourcecode.swift; path = ContentView.swift; sourceTree = "<group>"; };
		B05195F22C6E56B80070920B /* Item.swift */ = {isa = PBXFileReference; lastKnownFileType = sourcecode.swift; path = Item.swift; sourceTree = "<group>"; };
		B05195F42C6E56B90070920B /* Assets.xcassets */ = {isa = PBXFileReference; lastKnownFileType = folder.assetcatalog; path = Assets.xcassets; sourceTree = "<group>"; };
		B05195F62C6E56B90070920B /* Partners.entitlements */ = {isa = PBXFileReference; lastKnownFileType = text.plist.entitlements; path = Partners.entitlements; sourceTree = "<group>"; };
		B05195F82C6E56B90070920B /* Preview Assets.xcassets */ = {isa = PBXFileReference; lastKnownFileType = folder.assetcatalog; path = "Preview Assets.xcassets"; sourceTree = "<group>"; };
		B05195FF2C6E57D00070920B /* Color.swift */ = {isa = PBXFileReference; fileEncoding = 4; lastKnownFileType = sourcecode.swift; path = Color.swift; sourceTree = "<group>"; };
		B05196012C6E57DA0070920B /* ClockView.swift */ = {isa = PBXFileReference; fileEncoding = 4; lastKnownFileType = sourcecode.swift; path = ClockView.swift; sourceTree = "<group>"; };
		B05196022C6E57DA0070920B /* HomeView.swift */ = {isa = PBXFileReference; fileEncoding = 4; lastKnownFileType = sourcecode.swift; path = HomeView.swift; sourceTree = "<group>"; };
		B05196032C6E57DA0070920B /* JournalView.swift */ = {isa = PBXFileReference; fileEncoding = 4; lastKnownFileType = sourcecode.swift; path = JournalView.swift; sourceTree = "<group>"; };
		B05196042C6E57DA0070920B /* LocationView.swift */ = {isa = PBXFileReference; fileEncoding = 4; lastKnownFileType = sourcecode.swift; path = LocationView.swift; sourceTree = "<group>"; };
		B051960A2C6E57E00070920B /* digital-7.ttf */ = {isa = PBXFileReference; lastKnownFileType = file; path = "digital-7.ttf"; sourceTree = "<group>"; };
		B051960B2C6E58430070920B /* Info.plist */ = {isa = PBXFileReference; lastKnownFileType = text.plist; path = Info.plist; sourceTree = "<group>"; };
		B051960D2C6E5BEB0070920B /* Post.swift */ = {isa = PBXFileReference; lastKnownFileType = sourcecode.swift; path = Post.swift; sourceTree = "<group>"; };
		B051960F2C6E5C010070920B /* User.swift */ = {isa = PBXFileReference; lastKnownFileType = sourcecode.swift; path = User.swift; sourceTree = "<group>"; };
		B05196112C6E5C520070920B /* PostView.swift */ = {isa = PBXFileReference; lastKnownFileType = sourcecode.swift; path = PostView.swift; sourceTree = "<group>"; };
		B05196142C6E5CA60070920B /* MockData.swift */ = {isa = PBXFileReference; lastKnownFileType = sourcecode.swift; path = MockData.swift; sourceTree = "<group>"; };
		B05196162C6E6ADF0070920B /* Eraser.ttf */ = {isa = PBXFileReference; lastKnownFileType = file; path = Eraser.ttf; sourceTree = "<group>"; };
		B05196172C6E6AF60070920B /* Architex.ttf */ = {isa = PBXFileReference; lastKnownFileType = file; path = Architex.ttf; sourceTree = "<group>"; };
		B05196182C6E6B090070920B /* NexaRust.otf */ = {isa = PBXFileReference; lastKnownFileType = file; path = NexaRust.otf; sourceTree = "<group>"; };
		B05196192C6E6CC70070920B /* Bradley Hand Bold.ttf */ = {isa = PBXFileReference; lastKnownFileType = file; path = "Bradley Hand Bold.ttf"; sourceTree = "<group>"; };
		B051961A2C6E6D370070920B /* Comic Sans MS.ttf */ = {isa = PBXFileReference; lastKnownFileType = file; path = "Comic Sans MS.ttf"; sourceTree = "<group>"; };
		B051961B2C6E6D370070920B /* Comic Sans MS Bold.ttf */ = {isa = PBXFileReference; lastKnownFileType = file; path = "Comic Sans MS Bold.ttf"; sourceTree = "<group>"; };
		B051961C2C6E7BA70070920B /* MapView.swift */ = {isa = PBXFileReference; lastKnownFileType = sourcecode.swift; path = MapView.swift; sourceTree = "<group>"; };
		B051961E2C6E8A950070920B /* Group.swift */ = {isa = PBXFileReference; lastKnownFileType = sourcecode.swift; path = Group.swift; sourceTree = "<group>"; };
		B05196202C6F911E0070920B /* GoogleService-Info.plist */ = {isa = PBXFileReference; fileEncoding = 4; lastKnownFileType = text.plist.xml; path = "GoogleService-Info.plist"; sourceTree = "<group>"; };
		B05196522C6F94ED0070920B /* AuthViewModel.swift */ = {isa = PBXFileReference; lastKnownFileType = sourcecode.swift; path = AuthViewModel.swift; sourceTree = "<group>"; };
		B05196542C6F95CD0070920B /* CreateView.swift */ = {isa = PBXFileReference; lastKnownFileType = sourcecode.swift; path = CreateView.swift; sourceTree = "<group>"; };
		B05196582C6FCB960070920B /* Tip.swift */ = {isa = PBXFileReference; lastKnownFileType = sourcecode.swift; path = Tip.swift; sourceTree = "<group>"; };
/* End PBXFileReference section */

/* Begin PBXFrameworksBuildPhase section */
		B05195E82C6E56B80070920B /* Frameworks */ = {
			isa = PBXFrameworksBuildPhase;
			buildActionMask = 2147483647;
			files = (
				B051964E2C6F91C90070920B /* FirebaseStorageCombine-Community in Frameworks */,
				B05196462C6F91C90070920B /* FirebaseMessaging in Frameworks */,
				B05196442C6F91C90070920B /* FirebaseMLModelDownloader in Frameworks */,
				B051962A2C6F91C90070920B /* FirebaseAppCheck in Frameworks */,
				B051962E2C6F91C90070920B /* FirebaseAuth in Frameworks */,
				B05196242C6F91C90070920B /* FirebaseAnalytics in Frameworks */,
				B051962C2C6F91C90070920B /* FirebaseAppDistribution-Beta in Frameworks */,
				B05196282C6F91C90070920B /* FirebaseAnalyticsWithoutAdIdSupport in Frameworks */,
				B05196322C6F91C90070920B /* FirebaseCrashlytics in Frameworks */,
				B05196342C6F91C90070920B /* FirebaseDatabase in Frameworks */,
				B051963E2C6F91C90070920B /* FirebaseFunctionsCombine-Community in Frameworks */,
				B05196302C6F91C90070920B /* FirebaseAuthCombine-Community in Frameworks */,
				B051964C2C6F91C90070920B /* FirebaseStorage in Frameworks */,
				B05196262C6F91C90070920B /* FirebaseAnalyticsOnDeviceConversion in Frameworks */,
				B051963C2C6F91C90070920B /* FirebaseFunctions in Frameworks */,
				B05196422C6F91C90070920B /* FirebaseInstallations in Frameworks */,
				B05196482C6F91C90070920B /* FirebasePerformance in Frameworks */,
				B051963A2C6F91C90070920B /* FirebaseFirestoreCombine-Community in Frameworks */,
				B05196382C6F91C90070920B /* FirebaseFirestore in Frameworks */,
				B05196362C6F91C90070920B /* FirebaseDynamicLinks in Frameworks */,
				B05196402C6F91C90070920B /* FirebaseInAppMessaging-Beta in Frameworks */,
				B05196502C6F91C90070920B /* FirebaseVertexAI-Preview in Frameworks */,
				B051964A2C6F91C90070920B /* FirebaseRemoteConfig in Frameworks */,
			);
			runOnlyForDeploymentPostprocessing = 0;
		};
/* End PBXFrameworksBuildPhase section */

/* Begin PBXGroup section */
		B05195E22C6E56B80070920B = {
			isa = PBXGroup;
			children = (
				B05195ED2C6E56B80070920B /* Partners */,
				B05195EC2C6E56B80070920B /* Products */,
			);
			sourceTree = "<group>";
		};
		B05195EC2C6E56B80070920B /* Products */ = {
			isa = PBXGroup;
			children = (
				B05195EB2C6E56B80070920B /* Partners.app */,
			);
			name = Products;
			sourceTree = "<group>";
		};
		B05195ED2C6E56B80070920B /* Partners */ = {
			isa = PBXGroup;
			children = (
				B05196512C6F94E00070920B /* ViewModels */,
				B05196202C6F911E0070920B /* GoogleService-Info.plist */,
				B05196132C6E5C9C0070920B /* Data */,
				B051960C2C6E5BE30070920B /* Models */,
				B051960B2C6E58430070920B /* Info.plist */,
				B051960A2C6E57E00070920B /* digital-7.ttf */,
				B05196192C6E6CC70070920B /* Bradley Hand Bold.ttf */,
				B051961B2C6E6D370070920B /* Comic Sans MS Bold.ttf */,
				B051961A2C6E6D370070920B /* Comic Sans MS.ttf */,
				B05196172C6E6AF60070920B /* Architex.ttf */,
				B05196162C6E6ADF0070920B /* Eraser.ttf */,
				B05196182C6E6B090070920B /* NexaRust.otf */,
				B05196052C6E57DA0070920B /* Views */,
				B05195FF2C6E57D00070920B /* Color.swift */,
				B05195EE2C6E56B80070920B /* PartnersApp.swift */,
				B05195F02C6E56B80070920B /* ContentView.swift */,
				B05195F22C6E56B80070920B /* Item.swift */,
				B05195F42C6E56B90070920B /* Assets.xcassets */,
				B05195F62C6E56B90070920B /* Partners.entitlements */,
				B05195F72C6E56B90070920B /* Preview Content */,
			);
			path = Partners;
			sourceTree = "<group>";
		};
		B05195F72C6E56B90070920B /* Preview Content */ = {
			isa = PBXGroup;
			children = (
				B05195F82C6E56B90070920B /* Preview Assets.xcassets */,
			);
			path = "Preview Content";
			sourceTree = "<group>";
		};
		B05196052C6E57DA0070920B /* Views */ = {
			isa = PBXGroup;
			children = (
				B05196012C6E57DA0070920B /* ClockView.swift */,
				B05196022C6E57DA0070920B /* HomeView.swift */,
				B05196032C6E57DA0070920B /* JournalView.swift */,
				B05196042C6E57DA0070920B /* LocationView.swift */,
				B05196112C6E5C520070920B /* PostView.swift */,
				B051961C2C6E7BA70070920B /* MapView.swift */,
				B05196542C6F95CD0070920B /* CreateView.swift */,
			);
			path = Views;
			sourceTree = "<group>";
		};
		B051960C2C6E5BE30070920B /* Models */ = {
			isa = PBXGroup;
			children = (
				B051960D2C6E5BEB0070920B /* Post.swift */,
				B051960F2C6E5C010070920B /* User.swift */,
				B051961E2C6E8A950070920B /* Group.swift */,
				B05196582C6FCB960070920B /* Tip.swift */,
			);
			path = Models;
			sourceTree = "<group>";
		};
		B05196132C6E5C9C0070920B /* Data */ = {
			isa = PBXGroup;
			children = (
				B05196142C6E5CA60070920B /* MockData.swift */,
			);
			path = Data;
			sourceTree = "<group>";
		};
		B05196512C6F94E00070920B /* ViewModels */ = {
			isa = PBXGroup;
			children = (
				B05196522C6F94ED0070920B /* AuthViewModel.swift */,
			);
			path = ViewModels;
			sourceTree = "<group>";
		};
/* End PBXGroup section */

/* Begin PBXNativeTarget section */
		B05195EA2C6E56B80070920B /* Partners */ = {
			isa = PBXNativeTarget;
			buildConfigurationList = B05195FC2C6E56B90070920B /* Build configuration list for PBXNativeTarget "Partners" */;
			buildPhases = (
				B05195E72C6E56B80070920B /* Sources */,
				B05195E82C6E56B80070920B /* Frameworks */,
				B05195E92C6E56B80070920B /* Resources */,
			);
			buildRules = (
			);
			dependencies = (
			);
			name = Partners;
			packageProductDependencies = (
				B05196232C6F91C90070920B /* FirebaseAnalytics */,
				B05196252C6F91C90070920B /* FirebaseAnalyticsOnDeviceConversion */,
				B05196272C6F91C90070920B /* FirebaseAnalyticsWithoutAdIdSupport */,
				B05196292C6F91C90070920B /* FirebaseAppCheck */,
				B051962B2C6F91C90070920B /* FirebaseAppDistribution-Beta */,
				B051962D2C6F91C90070920B /* FirebaseAuth */,
				B051962F2C6F91C90070920B /* FirebaseAuthCombine-Community */,
				B05196312C6F91C90070920B /* FirebaseCrashlytics */,
				B05196332C6F91C90070920B /* FirebaseDatabase */,
				B05196352C6F91C90070920B /* FirebaseDynamicLinks */,
				B05196372C6F91C90070920B /* FirebaseFirestore */,
				B05196392C6F91C90070920B /* FirebaseFirestoreCombine-Community */,
				B051963B2C6F91C90070920B /* FirebaseFunctions */,
				B051963D2C6F91C90070920B /* FirebaseFunctionsCombine-Community */,
				B051963F2C6F91C90070920B /* FirebaseInAppMessaging-Beta */,
				B05196412C6F91C90070920B /* FirebaseInstallations */,
				B05196432C6F91C90070920B /* FirebaseMLModelDownloader */,
				B05196452C6F91C90070920B /* FirebaseMessaging */,
				B05196472C6F91C90070920B /* FirebasePerformance */,
				B05196492C6F91C90070920B /* FirebaseRemoteConfig */,
				B051964B2C6F91C90070920B /* FirebaseStorage */,
				B051964D2C6F91C90070920B /* FirebaseStorageCombine-Community */,
				B051964F2C6F91C90070920B /* FirebaseVertexAI-Preview */,
			);
			productName = Partners;
			productReference = B05195EB2C6E56B80070920B /* Partners.app */;
			productType = "com.apple.product-type.application";
		};
/* End PBXNativeTarget section */

/* Begin PBXProject section */
		B05195E32C6E56B80070920B /* Project object */ = {
			isa = PBXProject;
			attributes = {
				BuildIndependentTargetsInParallel = 1;
				LastSwiftUpdateCheck = 1540;
				LastUpgradeCheck = 1540;
				TargetAttributes = {
					B05195EA2C6E56B80070920B = {
						CreatedOnToolsVersion = 15.4;
					};
				};
			};
			buildConfigurationList = B05195E62C6E56B80070920B /* Build configuration list for PBXProject "Partners" */;
			compatibilityVersion = "Xcode 14.0";
			developmentRegion = en;
			hasScannedForEncodings = 0;
			knownRegions = (
				en,
				Base,
			);
			mainGroup = B05195E22C6E56B80070920B;
			packageReferences = (
				B05196222C6F91C90070920B /* XCRemoteSwiftPackageReference "firebase-ios-sdk" */,
			);
			productRefGroup = B05195EC2C6E56B80070920B /* Products */;
			projectDirPath = "";
			projectRoot = "";
			targets = (
				B05195EA2C6E56B80070920B /* Partners */,
			);
		};
/* End PBXProject section */

/* Begin PBXResourcesBuildPhase section */
		B05195E92C6E56B80070920B /* Resources */ = {
			isa = PBXResourcesBuildPhase;
			buildActionMask = 2147483647;
			files = (
				B05195F92C6E56B90070920B /* Preview Assets.xcassets in Resources */,
				B05195F52C6E56B90070920B /* Assets.xcassets in Resources */,
				B05196212C6F911E0070920B /* GoogleService-Info.plist in Resources */,
			);
			runOnlyForDeploymentPostprocessing = 0;
		};
/* End PBXResourcesBuildPhase section */

/* Begin PBXSourcesBuildPhase section */
		B05195E72C6E56B80070920B /* Sources */ = {
			isa = PBXSourcesBuildPhase;
			buildActionMask = 2147483647;
			files = (
				B05195F12C6E56B80070920B /* ContentView.swift in Sources */,
				B05196152C6E5CA60070920B /* MockData.swift in Sources */,
				B05196092C6E57DA0070920B /* LocationView.swift in Sources */,
				B05196062C6E57DA0070920B /* ClockView.swift in Sources */,
				B051961D2C6E7BA70070920B /* MapView.swift in Sources */,
				B05196532C6F94ED0070920B /* AuthViewModel.swift in Sources */,
				B05196002C6E57D00070920B /* Color.swift in Sources */,
				B05196072C6E57DA0070920B /* HomeView.swift in Sources */,
				B051961F2C6E8A950070920B /* Group.swift in Sources */,
				B05196082C6E57DA0070920B /* JournalView.swift in Sources */,
				B05196552C6F95CD0070920B /* CreateView.swift in Sources */,
				B051960E2C6E5BEB0070920B /* Post.swift in Sources */,
				B05196592C6FCB960070920B /* Tip.swift in Sources */,
				B05195F32C6E56B80070920B /* Item.swift in Sources */,
				B05196102C6E5C010070920B /* User.swift in Sources */,
				B05195EF2C6E56B80070920B /* PartnersApp.swift in Sources */,
				B05196122C6E5C520070920B /* PostView.swift in Sources */,
			);
			runOnlyForDeploymentPostprocessing = 0;
		};
/* End PBXSourcesBuildPhase section */

/* Begin XCBuildConfiguration section */
		B05195FA2C6E56B90070920B /* Debug */ = {
			isa = XCBuildConfiguration;
			buildSettings = {
				ALWAYS_SEARCH_USER_PATHS = NO;
				ASSETCATALOG_COMPILER_GENERATE_SWIFT_ASSET_SYMBOL_EXTENSIONS = YES;
				CLANG_ANALYZER_NONNULL = YES;
				CLANG_ANALYZER_NUMBER_OBJECT_CONVERSION = YES_AGGRESSIVE;
				CLANG_CXX_LANGUAGE_STANDARD = "gnu++20";
				CLANG_ENABLE_MODULES = YES;
				CLANG_ENABLE_OBJC_ARC = YES;
				CLANG_ENABLE_OBJC_WEAK = YES;
				CLANG_WARN_BLOCK_CAPTURE_AUTORELEASING = YES;
				CLANG_WARN_BOOL_CONVERSION = YES;
				CLANG_WARN_COMMA = YES;
				CLANG_WARN_CONSTANT_CONVERSION = YES;
				CLANG_WARN_DEPRECATED_OBJC_IMPLEMENTATIONS = YES;
				CLANG_WARN_DIRECT_OBJC_ISA_USAGE = YES_ERROR;
				CLANG_WARN_DOCUMENTATION_COMMENTS = YES;
				CLANG_WARN_EMPTY_BODY = YES;
				CLANG_WARN_ENUM_CONVERSION = YES;
				CLANG_WARN_INFINITE_RECURSION = YES;
				CLANG_WARN_INT_CONVERSION = YES;
				CLANG_WARN_NON_LITERAL_NULL_CONVERSION = YES;
				CLANG_WARN_OBJC_IMPLICIT_RETAIN_SELF = YES;
				CLANG_WARN_OBJC_LITERAL_CONVERSION = YES;
				CLANG_WARN_OBJC_ROOT_CLASS = YES_ERROR;
				CLANG_WARN_QUOTED_INCLUDE_IN_FRAMEWORK_HEADER = YES;
				CLANG_WARN_RANGE_LOOP_ANALYSIS = YES;
				CLANG_WARN_STRICT_PROTOTYPES = YES;
				CLANG_WARN_SUSPICIOUS_MOVE = YES;
				CLANG_WARN_UNGUARDED_AVAILABILITY = YES_AGGRESSIVE;
				CLANG_WARN_UNREACHABLE_CODE = YES;
				CLANG_WARN__DUPLICATE_METHOD_MATCH = YES;
				COPY_PHASE_STRIP = NO;
				DEBUG_INFORMATION_FORMAT = dwarf;
				ENABLE_STRICT_OBJC_MSGSEND = YES;
				ENABLE_TESTABILITY = YES;
				ENABLE_USER_SCRIPT_SANDBOXING = YES;
				GCC_C_LANGUAGE_STANDARD = gnu17;
				GCC_DYNAMIC_NO_PIC = NO;
				GCC_NO_COMMON_BLOCKS = YES;
				GCC_OPTIMIZATION_LEVEL = 0;
				GCC_PREPROCESSOR_DEFINITIONS = (
					"DEBUG=1",
					"$(inherited)",
				);
				GCC_WARN_64_TO_32_BIT_CONVERSION = YES;
				GCC_WARN_ABOUT_RETURN_TYPE = YES_ERROR;
				GCC_WARN_UNDECLARED_SELECTOR = YES;
				GCC_WARN_UNINITIALIZED_AUTOS = YES_AGGRESSIVE;
				GCC_WARN_UNUSED_FUNCTION = YES;
				GCC_WARN_UNUSED_VARIABLE = YES;
				LOCALIZATION_PREFERS_STRING_CATALOGS = YES;
				MTL_ENABLE_DEBUG_INFO = INCLUDE_SOURCE;
				MTL_FAST_MATH = YES;
				ONLY_ACTIVE_ARCH = YES;
				SWIFT_ACTIVE_COMPILATION_CONDITIONS = "DEBUG $(inherited)";
				SWIFT_OPTIMIZATION_LEVEL = "-Onone";
			};
			name = Debug;
		};
		B05195FB2C6E56B90070920B /* Release */ = {
			isa = XCBuildConfiguration;
			buildSettings = {
				ALWAYS_SEARCH_USER_PATHS = NO;
				ASSETCATALOG_COMPILER_GENERATE_SWIFT_ASSET_SYMBOL_EXTENSIONS = YES;
				CLANG_ANALYZER_NONNULL = YES;
				CLANG_ANALYZER_NUMBER_OBJECT_CONVERSION = YES_AGGRESSIVE;
				CLANG_CXX_LANGUAGE_STANDARD = "gnu++20";
				CLANG_ENABLE_MODULES = YES;
				CLANG_ENABLE_OBJC_ARC = YES;
				CLANG_ENABLE_OBJC_WEAK = YES;
				CLANG_WARN_BLOCK_CAPTURE_AUTORELEASING = YES;
				CLANG_WARN_BOOL_CONVERSION = YES;
				CLANG_WARN_COMMA = YES;
				CLANG_WARN_CONSTANT_CONVERSION = YES;
				CLANG_WARN_DEPRECATED_OBJC_IMPLEMENTATIONS = YES;
				CLANG_WARN_DIRECT_OBJC_ISA_USAGE = YES_ERROR;
				CLANG_WARN_DOCUMENTATION_COMMENTS = YES;
				CLANG_WARN_EMPTY_BODY = YES;
				CLANG_WARN_ENUM_CONVERSION = YES;
				CLANG_WARN_INFINITE_RECURSION = YES;
				CLANG_WARN_INT_CONVERSION = YES;
				CLANG_WARN_NON_LITERAL_NULL_CONVERSION = YES;
				CLANG_WARN_OBJC_IMPLICIT_RETAIN_SELF = YES;
				CLANG_WARN_OBJC_LITERAL_CONVERSION = YES;
				CLANG_WARN_OBJC_ROOT_CLASS = YES_ERROR;
				CLANG_WARN_QUOTED_INCLUDE_IN_FRAMEWORK_HEADER = YES;
				CLANG_WARN_RANGE_LOOP_ANALYSIS = YES;
				CLANG_WARN_STRICT_PROTOTYPES = YES;
				CLANG_WARN_SUSPICIOUS_MOVE = YES;
				CLANG_WARN_UNGUARDED_AVAILABILITY = YES_AGGRESSIVE;
				CLANG_WARN_UNREACHABLE_CODE = YES;
				CLANG_WARN__DUPLICATE_METHOD_MATCH = YES;
				COPY_PHASE_STRIP = NO;
				DEBUG_INFORMATION_FORMAT = "dwarf-with-dsym";
				ENABLE_NS_ASSERTIONS = NO;
				ENABLE_STRICT_OBJC_MSGSEND = YES;
				ENABLE_USER_SCRIPT_SANDBOXING = YES;
				GCC_C_LANGUAGE_STANDARD = gnu17;
				GCC_NO_COMMON_BLOCKS = YES;
				GCC_WARN_64_TO_32_BIT_CONVERSION = YES;
				GCC_WARN_ABOUT_RETURN_TYPE = YES_ERROR;
				GCC_WARN_UNDECLARED_SELECTOR = YES;
				GCC_WARN_UNINITIALIZED_AUTOS = YES_AGGRESSIVE;
				GCC_WARN_UNUSED_FUNCTION = YES;
				GCC_WARN_UNUSED_VARIABLE = YES;
				LOCALIZATION_PREFERS_STRING_CATALOGS = YES;
				MTL_ENABLE_DEBUG_INFO = NO;
				MTL_FAST_MATH = YES;
				SWIFT_COMPILATION_MODE = wholemodule;
			};
			name = Release;
		};
		B05195FD2C6E56B90070920B /* Debug */ = {
			isa = XCBuildConfiguration;
			buildSettings = {
				ASSETCATALOG_COMPILER_APPICON_NAME = AppIcon;
				ASSETCATALOG_COMPILER_GLOBAL_ACCENT_COLOR_NAME = AccentColor;
				CODE_SIGN_ENTITLEMENTS = Partners/Partners.entitlements;
				CODE_SIGN_STYLE = Automatic;
				CURRENT_PROJECT_VERSION = 1;
				DEVELOPMENT_ASSET_PATHS = "\"Partners/Preview Content\"";
				DEVELOPMENT_TEAM = DJ45M3T43C;
				ENABLE_PREVIEWS = YES;
				GENERATE_INFOPLIST_FILE = YES;
				INFOPLIST_FILE = Partners/Info.plist;
				INFOPLIST_KEY_CFBundleDisplayName = Partners;
				INFOPLIST_KEY_LSApplicationCategoryType = "public.app-category.social-networking";
				INFOPLIST_KEY_NSLocationWhenInUseUsageDescription = "This app needs your location to show it on the map.";
				"INFOPLIST_KEY_UIApplicationSceneManifest_Generation[sdk=iphoneos*]" = YES;
				"INFOPLIST_KEY_UIApplicationSceneManifest_Generation[sdk=iphonesimulator*]" = YES;
				"INFOPLIST_KEY_UIApplicationSupportsIndirectInputEvents[sdk=iphoneos*]" = YES;
				"INFOPLIST_KEY_UIApplicationSupportsIndirectInputEvents[sdk=iphonesimulator*]" = YES;
				"INFOPLIST_KEY_UILaunchScreen_Generation[sdk=iphoneos*]" = YES;
				"INFOPLIST_KEY_UILaunchScreen_Generation[sdk=iphonesimulator*]" = YES;
				"INFOPLIST_KEY_UIStatusBarStyle[sdk=iphoneos*]" = UIStatusBarStyleDefault;
				"INFOPLIST_KEY_UIStatusBarStyle[sdk=iphonesimulator*]" = UIStatusBarStyleDefault;
				INFOPLIST_KEY_UISupportedInterfaceOrientations_iPad = "UIInterfaceOrientationPortrait UIInterfaceOrientationPortraitUpsideDown UIInterfaceOrientationLandscapeLeft UIInterfaceOrientationLandscapeRight";
				INFOPLIST_KEY_UISupportedInterfaceOrientations_iPhone = "UIInterfaceOrientationPortrait UIInterfaceOrientationLandscapeLeft UIInterfaceOrientationLandscapeRight";
				IPHONEOS_DEPLOYMENT_TARGET = 17.5;
				LD_RUNPATH_SEARCH_PATHS = "@executable_path/Frameworks";
				"LD_RUNPATH_SEARCH_PATHS[sdk=macosx*]" = "@executable_path/../Frameworks";
				MACOSX_DEPLOYMENT_TARGET = 14.0;
				MARKETING_VERSION = 1.0.0;
				OTHER_LDFLAGS = "-ObjC";
				PRODUCT_BUNDLE_IDENTIFIER = com.andrewnielson.Partners;
				PRODUCT_NAME = "$(TARGET_NAME)";
				SDKROOT = auto;
				SUPPORTED_PLATFORMS = "iphoneos iphonesimulator macosx";
				SWIFT_EMIT_LOC_STRINGS = YES;
				SWIFT_VERSION = 5.0;
				TARGETED_DEVICE_FAMILY = "1,2";
			};
			name = Debug;
		};
		B05195FE2C6E56B90070920B /* Release */ = {
			isa = XCBuildConfiguration;
			buildSettings = {
				ASSETCATALOG_COMPILER_APPICON_NAME = AppIcon;
				ASSETCATALOG_COMPILER_GLOBAL_ACCENT_COLOR_NAME = AccentColor;
				CODE_SIGN_ENTITLEMENTS = Partners/Partners.entitlements;
				CODE_SIGN_STYLE = Automatic;
				CURRENT_PROJECT_VERSION = 1;
				DEVELOPMENT_ASSET_PATHS = "\"Partners/Preview Content\"";
				DEVELOPMENT_TEAM = DJ45M3T43C;
				ENABLE_PREVIEWS = YES;
				GENERATE_INFOPLIST_FILE = YES;
				INFOPLIST_FILE = Partners/Info.plist;
				INFOPLIST_KEY_CFBundleDisplayName = Partners;
				INFOPLIST_KEY_LSApplicationCategoryType = "public.app-category.social-networking";
				INFOPLIST_KEY_NSLocationWhenInUseUsageDescription = "This app needs your location to show it on the map.";
				"INFOPLIST_KEY_UIApplicationSceneManifest_Generation[sdk=iphoneos*]" = YES;
				"INFOPLIST_KEY_UIApplicationSceneManifest_Generation[sdk=iphonesimulator*]" = YES;
				"INFOPLIST_KEY_UIApplicationSupportsIndirectInputEvents[sdk=iphoneos*]" = YES;
				"INFOPLIST_KEY_UIApplicationSupportsIndirectInputEvents[sdk=iphonesimulator*]" = YES;
				"INFOPLIST_KEY_UILaunchScreen_Generation[sdk=iphoneos*]" = YES;
				"INFOPLIST_KEY_UILaunchScreen_Generation[sdk=iphonesimulator*]" = YES;
				"INFOPLIST_KEY_UIStatusBarStyle[sdk=iphoneos*]" = UIStatusBarStyleDefault;
				"INFOPLIST_KEY_UIStatusBarStyle[sdk=iphonesimulator*]" = UIStatusBarStyleDefault;
				INFOPLIST_KEY_UISupportedInterfaceOrientations_iPad = "UIInterfaceOrientationPortrait UIInterfaceOrientationPortraitUpsideDown UIInterfaceOrientationLandscapeLeft UIInterfaceOrientationLandscapeRight";
				INFOPLIST_KEY_UISupportedInterfaceOrientations_iPhone = "UIInterfaceOrientationPortrait UIInterfaceOrientationLandscapeLeft UIInterfaceOrientationLandscapeRight";
				IPHONEOS_DEPLOYMENT_TARGET = 17.5;
				LD_RUNPATH_SEARCH_PATHS = "@executable_path/Frameworks";
				"LD_RUNPATH_SEARCH_PATHS[sdk=macosx*]" = "@executable_path/../Frameworks";
				MACOSX_DEPLOYMENT_TARGET = 14.0;
				MARKETING_VERSION = 1.0.0;
				OTHER_LDFLAGS = "-ObjC";
				PRODUCT_BUNDLE_IDENTIFIER = com.andrewnielson.Partners;
				PRODUCT_NAME = "$(TARGET_NAME)";
				SDKROOT = auto;
				SUPPORTED_PLATFORMS = "iphoneos iphonesimulator macosx";
				SWIFT_EMIT_LOC_STRINGS = YES;
				SWIFT_VERSION = 5.0;
				TARGETED_DEVICE_FAMILY = "1,2";
			};
			name = Release;
		};
/* End XCBuildConfiguration section */

/* Begin XCConfigurationList section */
		B05195E62C6E56B80070920B /* Build configuration list for PBXProject "Partners" */ = {
			isa = XCConfigurationList;
			buildConfigurations = (
				B05195FA2C6E56B90070920B /* Debug */,
				B05195FB2C6E56B90070920B /* Release */,
			);
			defaultConfigurationIsVisible = 0;
			defaultConfigurationName = Release;
		};
		B05195FC2C6E56B90070920B /* Build configuration list for PBXNativeTarget "Partners" */ = {
			isa = XCConfigurationList;
			buildConfigurations = (
				B05195FD2C6E56B90070920B /* Debug */,
				B05195FE2C6E56B90070920B /* Release */,
			);
			defaultConfigurationIsVisible = 0;
			defaultConfigurationName = Release;
		};
/* End XCConfigurationList section */

/* Begin XCRemoteSwiftPackageReference section */
		B05196222C6F91C90070920B /* XCRemoteSwiftPackageReference "firebase-ios-sdk" */ = {
			isa = XCRemoteSwiftPackageReference;
			repositoryURL = "https://github.com/firebase/firebase-ios-sdk";
			requirement = {
				kind = upToNextMajorVersion;
				minimumVersion = 11.0.0;
			};
		};
/* End XCRemoteSwiftPackageReference section */

/* Begin XCSwiftPackageProductDependency section */
		B05196232C6F91C90070920B /* FirebaseAnalytics */ = {
			isa = XCSwiftPackageProductDependency;
			package = B05196222C6F91C90070920B /* XCRemoteSwiftPackageReference "firebase-ios-sdk" */;
			productName = FirebaseAnalytics;
		};
		B05196252C6F91C90070920B /* FirebaseAnalyticsOnDeviceConversion */ = {
			isa = XCSwiftPackageProductDependency;
			package = B05196222C6F91C90070920B /* XCRemoteSwiftPackageReference "firebase-ios-sdk" */;
			productName = FirebaseAnalyticsOnDeviceConversion;
		};
		B05196272C6F91C90070920B /* FirebaseAnalyticsWithoutAdIdSupport */ = {
			isa = XCSwiftPackageProductDependency;
			package = B05196222C6F91C90070920B /* XCRemoteSwiftPackageReference "firebase-ios-sdk" */;
			productName = FirebaseAnalyticsWithoutAdIdSupport;
		};
		B05196292C6F91C90070920B /* FirebaseAppCheck */ = {
			isa = XCSwiftPackageProductDependency;
			package = B05196222C6F91C90070920B /* XCRemoteSwiftPackageReference "firebase-ios-sdk" */;
			productName = FirebaseAppCheck;
		};
		B051962B2C6F91C90070920B /* FirebaseAppDistribution-Beta */ = {
			isa = XCSwiftPackageProductDependency;
			package = B05196222C6F91C90070920B /* XCRemoteSwiftPackageReference "firebase-ios-sdk" */;
			productName = "FirebaseAppDistribution-Beta";
		};
		B051962D2C6F91C90070920B /* FirebaseAuth */ = {
			isa = XCSwiftPackageProductDependency;
			package = B05196222C6F91C90070920B /* XCRemoteSwiftPackageReference "firebase-ios-sdk" */;
			productName = FirebaseAuth;
		};
		B051962F2C6F91C90070920B /* FirebaseAuthCombine-Community */ = {
			isa = XCSwiftPackageProductDependency;
			package = B05196222C6F91C90070920B /* XCRemoteSwiftPackageReference "firebase-ios-sdk" */;
			productName = "FirebaseAuthCombine-Community";
		};
		B05196312C6F91C90070920B /* FirebaseCrashlytics */ = {
			isa = XCSwiftPackageProductDependency;
			package = B05196222C6F91C90070920B /* XCRemoteSwiftPackageReference "firebase-ios-sdk" */;
			productName = FirebaseCrashlytics;
		};
		B05196332C6F91C90070920B /* FirebaseDatabase */ = {
			isa = XCSwiftPackageProductDependency;
			package = B05196222C6F91C90070920B /* XCRemoteSwiftPackageReference "firebase-ios-sdk" */;
			productName = FirebaseDatabase;
		};
		B05196352C6F91C90070920B /* FirebaseDynamicLinks */ = {
			isa = XCSwiftPackageProductDependency;
			package = B05196222C6F91C90070920B /* XCRemoteSwiftPackageReference "firebase-ios-sdk" */;
			productName = FirebaseDynamicLinks;
		};
		B05196372C6F91C90070920B /* FirebaseFirestore */ = {
			isa = XCSwiftPackageProductDependency;
			package = B05196222C6F91C90070920B /* XCRemoteSwiftPackageReference "firebase-ios-sdk" */;
			productName = FirebaseFirestore;
		};
		B05196392C6F91C90070920B /* FirebaseFirestoreCombine-Community */ = {
			isa = XCSwiftPackageProductDependency;
			package = B05196222C6F91C90070920B /* XCRemoteSwiftPackageReference "firebase-ios-sdk" */;
			productName = "FirebaseFirestoreCombine-Community";
		};
		B051963B2C6F91C90070920B /* FirebaseFunctions */ = {
			isa = XCSwiftPackageProductDependency;
			package = B05196222C6F91C90070920B /* XCRemoteSwiftPackageReference "firebase-ios-sdk" */;
			productName = FirebaseFunctions;
		};
		B051963D2C6F91C90070920B /* FirebaseFunctionsCombine-Community */ = {
			isa = XCSwiftPackageProductDependency;
			package = B05196222C6F91C90070920B /* XCRemoteSwiftPackageReference "firebase-ios-sdk" */;
			productName = "FirebaseFunctionsCombine-Community";
		};
		B051963F2C6F91C90070920B /* FirebaseInAppMessaging-Beta */ = {
			isa = XCSwiftPackageProductDependency;
			package = B05196222C6F91C90070920B /* XCRemoteSwiftPackageReference "firebase-ios-sdk" */;
			productName = "FirebaseInAppMessaging-Beta";
		};
		B05196412C6F91C90070920B /* FirebaseInstallations */ = {
			isa = XCSwiftPackageProductDependency;
			package = B05196222C6F91C90070920B /* XCRemoteSwiftPackageReference "firebase-ios-sdk" */;
			productName = FirebaseInstallations;
		};
		B05196432C6F91C90070920B /* FirebaseMLModelDownloader */ = {
			isa = XCSwiftPackageProductDependency;
			package = B05196222C6F91C90070920B /* XCRemoteSwiftPackageReference "firebase-ios-sdk" */;
			productName = FirebaseMLModelDownloader;
		};
		B05196452C6F91C90070920B /* FirebaseMessaging */ = {
			isa = XCSwiftPackageProductDependency;
			package = B05196222C6F91C90070920B /* XCRemoteSwiftPackageReference "firebase-ios-sdk" */;
			productName = FirebaseMessaging;
		};
		B05196472C6F91C90070920B /* FirebasePerformance */ = {
			isa = XCSwiftPackageProductDependency;
			package = B05196222C6F91C90070920B /* XCRemoteSwiftPackageReference "firebase-ios-sdk" */;
			productName = FirebasePerformance;
		};
		B05196492C6F91C90070920B /* FirebaseRemoteConfig */ = {
			isa = XCSwiftPackageProductDependency;
			package = B05196222C6F91C90070920B /* XCRemoteSwiftPackageReference "firebase-ios-sdk" */;
			productName = FirebaseRemoteConfig;
		};
		B051964B2C6F91C90070920B /* FirebaseStorage */ = {
			isa = XCSwiftPackageProductDependency;
			package = B05196222C6F91C90070920B /* XCRemoteSwiftPackageReference "firebase-ios-sdk" */;
			productName = FirebaseStorage;
		};
		B051964D2C6F91C90070920B /* FirebaseStorageCombine-Community */ = {
			isa = XCSwiftPackageProductDependency;
			package = B05196222C6F91C90070920B /* XCRemoteSwiftPackageReference "firebase-ios-sdk" */;
			productName = "FirebaseStorageCombine-Community";
		};
		B051964F2C6F91C90070920B /* FirebaseVertexAI-Preview */ = {
			isa = XCSwiftPackageProductDependency;
			package = B05196222C6F91C90070920B /* XCRemoteSwiftPackageReference "firebase-ios-sdk" */;
			productName = "FirebaseVertexAI-Preview";
		};
/* End XCSwiftPackageProductDependency section */
	};
	rootObject = B05195E32C6E56B80070920B /* Project object */;
}
